
Microsoft Visual Studio Solution File, Format Version 12.00
# Visual Studio Version 17
VisualStudioVersion = 17.4.33122.133
MinimumVisualStudioVersion = 10.0.40219.1
Project("{9A19103F-16F7-4668-BE54-9A1E7A4F7556}") = "TwitterSourcer.RetrievalWorker", "TwitterSourcer.RetrievalWorker\TwitterSourcer.RetrievalWorker.csproj", "{71ADD551-4865-43A1-B063-3FB6BC82110A}"
EndProject
Project("{9A19103F-16F7-4668-BE54-9A1E7A4F7556}") = "TwitterSourcer.Core", "TwitterSourcer.Core\TwitterSourcer.Core.csproj", "{6B1B0325-4823-4B84-9E09-0B4A5B837C4D}"
EndProject
Project("{9A19103F-16F7-4668-BE54-9A1E7A4F7556}") = "TwitterSourcer.Api", "TwitterSourcer.Api\TwitterSourcer.Api.csproj", "{707A6CE1-4799-4481-BEE7-959C62E60A4A}"
EndProject
Project("{9A19103F-16F7-4668-BE54-9A1E7A4F7556}") = "TwitterSourcer.Transform", "TwitterSourcer.Transform\TwitterSourcer.Transform.csproj", "{0FE6CA83-CA69-4C73-B3F7-8C6E5A1EF853}"
EndProject
Global
	GlobalSection(SolutionConfigurationPlatforms) = preSolution
		Debug|Any CPU = Debug|Any CPU
		Release|Any CPU = Release|Any CPU
	EndGlobalSection
	GlobalSection(ProjectConfigurationPlatforms) = postSolution
		{71ADD551-4865-43A1-B063-3FB6BC82110A}.Debug|Any CPU.ActiveCfg = Debug|Any CPU
		{71ADD551-4865-43A1-B063-3FB6BC82110A}.Debug|Any CPU.Build.0 = Debug|Any CPU
		{71ADD551-4865-43A1-B063-3FB6BC82110A}.Release|Any CPU.ActiveCfg = Release|Any CPU
		{71ADD551-4865-43A1-B063-3FB6BC82110A}.Release|Any CPU.Build.0 = Release|Any CPU
		{6B1B0325-4823-4B84-9E09-0B4A5B837C4D}.Debug|Any CPU.ActiveCfg = Debug|Any CPU
		{6B1B0325-4823-4B84-9E09-0B4A5B837C4D}.Debug|Any CPU.Build.0 = Debug|Any CPU
		{6B1B0325-4823-4B84-9E09-0B4A5B837C4D}.Release|Any CPU.ActiveCfg = Release|Any CPU
		{6B1B0325-4823-4B84-9E09-0B4A5B837C4D}.Release|Any CPU.Build.0 = Release|Any CPU
		{707A6CE1-4799-4481-BEE7-959C62E60A4A}.Debug|Any CPU.ActiveCfg = Debug|Any CPU
		{707A6CE1-4799-4481-BEE7-959C62E60A4A}.Debug|Any CPU.Build.0 = Debug|Any CPU
		{707A6CE1-4799-4481-BEE7-959C62E60A4A}.Release|Any CPU.ActiveCfg = Release|Any CPU
		{707A6CE1-4799-4481-BEE7-959C62E60A4A}.Release|Any CPU.Build.0 = Release|Any CPU
		{0FE6CA83-CA69-4C73-B3F7-8C6E5A1EF853}.Debug|Any CPU.ActiveCfg = Debug|Any CPU
		{0FE6CA83-CA69-4C73-B3F7-8C6E5A1EF853}.Debug|Any CPU.Build.0 = Debug|Any CPU
		{0FE6CA83-CA69-4C73-B3F7-8C6E5A1EF853}.Release|Any CPU.ActiveCfg = Release|Any CPU
		{0FE6CA83-CA69-4C73-B3F7-8C6E5A1EF853}.Release|Any CPU.Build.0 = Release|Any CPU
	EndGlobalSection
	GlobalSection(SolutionProperties) = preSolution
		HideSolutionNode = FALSE
	EndGlobalSection
	GlobalSection(ExtensibilityGlobals) = postSolution
		SolutionGuid = {98641E70-4011-46F2-872A-A23A8ABF8402}
	EndGlobalSection
EndGlobal
